<?xml version="1.0" encoding="UTF-8"?>
<Scheme
   LastUpgradeVersion = "0920"
   version = "1.3">
   <BuildAction
      parallelizeBuildables = "YES"
      buildImplicitDependencies = "YES">
      <BuildActionEntries>
         <BuildActionEntry
            buildForTesting = "YES"
            buildForRunning = "YES"
            buildForProfiling = "YES"
            buildForArchiving = "YES"
            buildForAnalyzing = "YES">
            <BuildableReference
               BuildableIdentifier = "primary"
               BlueprintIdentifier = "42F586AE202A4D6D00CD7A28"
               BuildableName = "CleanSwift.app"
               BlueprintName = "CleanSwift"
               ReferencedContainer = "container:CleanSwift.xcodeproj">
            </BuildableReference>
         </BuildActionEntry>
         <BuildActionEntry
            buildForTesting = "YES"
            buildForRunning = "YES"
            buildForProfiling = "YES"
            buildForArchiving = "YES"
            buildForAnalyzing = "YES">
            <BuildableReference
               BuildableIdentifier = "primary"
               BlueprintIdentifier = "88E9EC28B8B46C3631E6B242B50F4442"
               BuildableName = "Alamofire.framework"
               BlueprintName = "Alamofire"
               ReferencedContainer = "container:Pods/Pods.xcodeproj">
            </BuildableReference>
         </BuildActionEntry>
         <BuildActionEntry
            buildForTesting = "YES"
            buildForRunning = "YES"
            buildForProfiling = "YES"
            buildForArchiving = "YES"
            buildForAnalyzing = "YES">
            <BuildableReference
               BuildableIdentifier = "primary"
               BlueprintIdentifier = "0F3BB02C6F2CE0CBBF8F22283BE29599"
               BuildableName = "Pods_CleanSwiftTest.framework"
               BlueprintName = "Pods-CleanSwiftTest"
               ReferencedContainer = "container:Pods/Pods.xcodeproj">
            </BuildableReference>
         </BuildActionEntry>
         <BuildActionEntry
            buildForTesting = "YES"
            buildForRunning = "YES"
            buildForProfiling = "YES"
            buildForArchiving = "YES"
            buildForAnalyzing = "YES">
            <BuildableReference
               BuildableIdentifier = "primary"
               BlueprintIdentifier = "3D30B4FF150A3E4F93D9DFA6E6BE5190"
               BuildableName = "Pods_CleanSwiftTestTests.framework"
               BlueprintName = "Pods-CleanSwiftTestTests"
               ReferencedContainer = "container:Pods/Pods.xcodeproj">
            </BuildableReference>
         </BuildActionEntry>
         <BuildActionEntry
            buildForTesting = "YES"
            buildForRunning = "YES"
            buildForProfiling = "YES"
            buildForArchiving = "YES"
            buildForAnalyzing = "YES">
            <BuildableReference
               BuildableIdentifier = "primary"
               BlueprintIdentifier = "656BF6505DB342C357E62EBB9D91A51C"
               BuildableName = "Pods_CleanSwiftTestUITests.framework"
               BlueprintName = "Pods-CleanSwiftTestUITests"
               ReferencedContainer = "container:Pods/Pods.xcodeproj">
            </BuildableReference>
         </BuildActionEntry>
         <BuildActionEntry
            buildForTesting = "YES"
            buildForRunning = "YES"
            buildForProfiling = "YES"
            buildForArchiving = "YES"
            buildForAnalyzing = "YES">
            <BuildableReference
               BuildableIdentifier = "primary"
               BlueprintIdentifier = "4825D41487CA00328D6E07298AAE9484"
               BuildableName = "SDWebImage.framework"
               BlueprintName = "SDWebImage"
               ReferencedContainer = "container:Pods/Pods.xcodeproj">
            </BuildableReference>
         </BuildActionEntry>
      </BuildActionEntries>
   </BuildAction>
   <TestAction
      buildConfiguration = "Debug"
      selectedDebuggerIdentifier = "Xcode.DebuggerFoundation.Debugger.LLDB"
      selectedLauncherIdentifier = "Xcode.DebuggerFoundation.Launcher.LLDB"
      language = ""
      shouldUseLaunchSchemeArgsEnv = "YES">
      <Testables>
         <TestableReference
            skipped = "NO">
            <BuildableReference
               BuildableIdentifier = "primary"
               BlueprintIdentifier = "42F586C5202A4D6D00CD7A28"
               BuildableName = "CleanSwiftTests.xctest"
               BlueprintName = "CleanSwiftTests"
               ReferencedContainer = "container:CleanSwift.xcodeproj">
            </BuildableReference>
         </TestableReference>
         <TestableReference
            skipped = "NO">
            <BuildableReference
               BuildableIdentifier = "primary"
               BlueprintIdentifier = "42F586D0202A4D6D00CD7A28"
               BuildableName = "CleanSwiftUITests.xctest"
               BlueprintName = "CleanSwiftUITests"
               ReferencedContainer = "container:CleanSwift.xcodeproj">
            </BuildableReference>
         </TestableReference>
      </Testables>
      <MacroExpansion>
         <BuildableReference
            BuildableIdentifier = "primary"
            BlueprintIdentifier = "42F586AE202A4D6D00CD7A28"
            BuildableName = "CleanSwift.app"
            BlueprintName = "CleanSwift"
            ReferencedContainer = "container:CleanSwift.xcodeproj">
         </BuildableReference>
      </MacroExpansion>
      <AdditionalOptions>
      </AdditionalOptions>
   </TestAction>
   <LaunchAction
      buildConfiguration = "Debug"
      selectedDebuggerIdentifier = "Xcode.DebuggerFoundation.Debugger.LLDB"
      selectedLauncherIdentifier = "Xcode.DebuggerFoundation.Launcher.LLDB"
      language = ""
      launchStyle = "0"
      useCustomWorkingDirectory = "NO"
      ignoresPersistentStateOnLaunch = "NO"
      debugDocumentVersioning = "YES"
      debugServiceExtension = "internal"
      allowLocationSimulation = "YES">
      <BuildableProductRunnable
         runnableDebuggingMode = "0">
         <BuildableReference
            BuildableIdentifier = "primary"
            BlueprintIdentifier = "42F586AE202A4D6D00CD7A28"
            BuildableName = "CleanSwift.app"
            BlueprintName = "CleanSwift"
            ReferencedContainer = "container:CleanSwift.xcodeproj">
         </BuildableReference>
      </BuildableProductRunnable>
      <AdditionalOptions>
      </AdditionalOptions>
   </LaunchAction>
   <ProfileAction
      buildConfiguration = "Release"
      shouldUseLaunchSchemeArgsEnv = "YES"
      savedToolIdentifier = ""
      useCustomWorkingDirectory = "NO"
      debugDocumentVersioning = "YES">
      <BuildableProductRunnable
         runnableDebuggingMode = "0">
         <BuildableReference
            BuildableIdentifier = "primary"
            BlueprintIdentifier = "42F586AE202A4D6D00CD7A28"
            BuildableName = "CleanSwift.app"
            BlueprintName = "CleanSwift"
            ReferencedContainer = "container:CleanSwift.xcodeproj">
         </BuildableReference>
      </BuildableProductRunnable>
   </ProfileAction>
   <AnalyzeAction
      buildConfiguration = "Debug">
   </AnalyzeAction>
   <ArchiveAction
      buildConfiguration = "Release"
      revealArchiveInOrganizer = "YES">
   </ArchiveAction>
</Scheme>
